{
    "_readme": [
        "This file locks the dependencies of your project to a known state",
        "Read more about it at https://getcomposer.org/doc/01-basic-usage.md#installing-dependencies",
        "This file is @generated automatically"
    ],
    "content-hash": "8c198ca8daf821274aa035f13ea317ea",
    "packages": [
        {
            "name": "tereta/framework.application",
            "version": "0.0.8",
            "source": {
                "type": "git",
                "url": "https://github.com/tereta-library/framework.application.git",
                "reference": "74f95f7c4dacb35ee0a8d93437026d5ea3e1c0e8"
            },
            "dist": {
                "type": "zip",
                "url": "https://api.github.com/repos/tereta-library/framework.application/zipball/74f95f7c4dacb35ee0a8d93437026d5ea3e1c0e8",
                "reference": "74f95f7c4dacb35ee0a8d93437026d5ea3e1c0e8",
                "shasum": ""
            },
            "require": {
                "tereta/framework.cli": "^0.0.8",
                "tereta/framework.config": "^0.0.8",
                "tereta/framework.controller": "^0.0.8",
                "tereta/framework.docker": "^0.0.8",
                "tereta/framework.helper": "^0.0.8",
                "tereta/framework.http": "^0.0.8",
                "tereta/framework.process": "^0.0.8",
                "tereta/framework.view": "^0.0.8"
            },
            "type": "library",
            "autoload": {
                "psr-4": {
                    "Framework\\Application\\": "src/"
                }
            },
            "notification-url": "https://packagist.org/downloads/",
            "authors": [
                {
                    "name": "Tereta Alexander",
                    "email": "tereta.alexander@gmail.com"
                }
            ],
            "support": {
                "issues": "https://github.com/tereta-library/framework.application/issues",
                "source": "https://github.com/tereta-library/framework.application/tree/0.0.8"
            },
            "time": "2024-07-21T10:25:03+00:00"
        },
        {
            "name": "tereta/framework.cli",
            "version": "0.0.8",
            "source": {
                "type": "git",
                "url": "https://github.com/tereta-library/framework.cli.git",
                "reference": "2ba23cf560693b127851323d3bda9376dc6ae09d"
            },
            "dist": {
                "type": "zip",
                "url": "https://api.github.com/repos/tereta-library/framework.cli/zipball/2ba23cf560693b127851323d3bda9376dc6ae09d",
                "reference": "2ba23cf560693b127851323d3bda9376dc6ae09d",
                "shasum": ""
            },
            "require": {
                "tereta/framework.helper": "^0.0.8"
            },
            "type": "library",
            "autoload": {
                "psr-4": {
                    "Framework\\Cli\\": "src/"
                }
            },
            "notification-url": "https://packagist.org/downloads/",
            "authors": [
                {
                    "name": "Tereta Alexander",
                    "email": "tereta.alexander@gmail.com"
                }
            ],
            "support": {
                "issues": "https://github.com/tereta-library/framework.cli/issues",
                "source": "https://github.com/tereta-library/framework.cli/tree/0.0.8"
            },
            "time": "2024-07-21T10:25:08+00:00"
        },
        {
            "name": "tereta/framework.config",
            "version": "0.0.8",
            "source": {
                "type": "git",
                "url": "https://github.com/tereta-library/framework.config.git",
                "reference": "cbebdc5d39677ba8035b61bea4e47dbdc0a91d83"
            },
            "dist": {
                "type": "zip",
                "url": "https://api.github.com/repos/tereta-library/framework.config/zipball/cbebdc5d39677ba8035b61bea4e47dbdc0a91d83",
                "reference": "cbebdc5d39677ba8035b61bea4e47dbdc0a91d83",
                "shasum": ""
            },
            "require": {
                "tereta/framework.pattern": "^0.0.8"
            },
            "type": "library",
            "autoload": {
                "psr-4": {
                    "Framework\\Config\\": "src/"
                }
            },
            "notification-url": "https://packagist.org/downloads/",
            "authors": [
                {
                    "name": "Tereta Alexander",
                    "email": "tereta.alexander@gmail.com"
                }
            ],
            "support": {
                "issues": "https://github.com/tereta-library/framework.config/issues",
                "source": "https://github.com/tereta-library/framework.config/tree/0.0.8"
            },
            "time": "2024-07-21T10:25:10+00:00"
        },
        {
            "name": "tereta/framework.controller",
            "version": "0.0.8",
            "source": {
                "type": "git",
                "url": "https://github.com/tereta-library/framework.controller.git",
                "reference": "84ead5c56598ce44acb7f489df6e0cb9a2fb48f8"
            },
            "dist": {
                "type": "zip",
                "url": "https://api.github.com/repos/tereta-library/framework.controller/zipball/84ead5c56598ce44acb7f489df6e0cb9a2fb48f8",
                "reference": "84ead5c56598ce44acb7f489df6e0cb9a2fb48f8",
                "shasum": ""
            },
            "type": "library",
            "autoload": {
                "psr-4": {
                    "Framework\\Controller\\": "src/"
                }
            },
            "notification-url": "https://packagist.org/downloads/",
            "authors": [
                {
                    "name": "Tereta Alexander",
                    "email": "tereta.alexander@gmail.com"
                }
            ],
            "description": "PHP Framework to ease site development - Controller",
            "support": {
                "issues": "https://github.com/tereta-library/framework.controller/issues",
                "source": "https://github.com/tereta-library/framework.controller/tree/0.0.8"
            },
            "time": "2024-07-07T07:38:50+00:00"
        },
        {
            "name": "tereta/framework.docker",
            "version": "0.0.8",
            "source": {
                "type": "git",
                "url": "https://github.com/tereta-library/framework.docker.git",
                "reference": "6797a2cba6c7472cc646177d6c8eb37804033a68"
            },
            "dist": {
                "type": "zip",
                "url": "https://api.github.com/repos/tereta-library/framework.docker/zipball/6797a2cba6c7472cc646177d6c8eb37804033a68",
                "reference": "6797a2cba6c7472cc646177d6c8eb37804033a68",
                "shasum": ""
            },
            "type": "library",
            "autoload": {
                "psr-4": {
                    "Framework\\Docker\\": "src/"
                }
            },
            "notification-url": "https://packagist.org/downloads/",
            "authors": [
                {
                    "name": "Tereta Alexander",
                    "email": "tereta.alexander@gmail.com"
                }
            ],
            "support": {
                "issues": "https://github.com/tereta-library/framework.docker/issues",
                "source": "https://github.com/tereta-library/framework.docker/tree/0.0.8"
            },
            "time": "2024-07-20T10:46:06+00:00"
        },
        {
            "name": "tereta/framework.helper",
            "version": "0.0.8",
            "source": {
                "type": "git",
                "url": "https://github.com/tereta-library/framework.helper.git",
                "reference": "cd4c9db36ccdc2a2e28fa5c0088f056e2a1f2114"
            },
            "dist": {
                "type": "zip",
                "url": "https://api.github.com/repos/tereta-library/framework.helper/zipball/cd4c9db36ccdc2a2e28fa5c0088f056e2a1f2114",
                "reference": "cd4c9db36ccdc2a2e28fa5c0088f056e2a1f2114",
                "shasum": ""
            },
            "type": "library",
            "autoload": {
                "psr-4": {
                    "Framework\\Helper\\": "src/"
                }
            },
            "notification-url": "https://packagist.org/downloads/",
            "authors": [
                {
                    "name": "Tereta Alexander",
                    "email": "tereta.alexander@gmail.com"
                }
            ],
            "support": {
                "issues": "https://github.com/tereta-library/framework.helper/issues",
                "source": "https://github.com/tereta-library/framework.helper/tree/0.0.8"
            },
            "time": "2024-07-21T09:55:14+00:00"
        },
        {
            "name": "tereta/framework.http",
            "version": "0.0.8",
            "source": {
                "type": "git",
                "url": "https://github.com/tereta-library/framework.http.git",
                "reference": "0f76de8c803fe88bf4d93eccb848e606185ce6ef"
            },
            "dist": {
                "type": "zip",
                "url": "https://api.github.com/repos/tereta-library/framework.http/zipball/0f76de8c803fe88bf4d93eccb848e606185ce6ef",
                "reference": "0f76de8c803fe88bf4d93eccb848e606185ce6ef",
                "shasum": ""
            },
            "type": "library",
            "autoload": {
                "psr-4": {
                    "Framework\\Http\\": "src/"
                }
            },
            "notification-url": "https://packagist.org/downloads/",
            "authors": [
                {
                    "name": "Tereta Alexander",
                    "email": "tereta.alexander@gmail.com"
                }
            ],
            "description": "Part of framework to process HTTP requests",
            "support": {
                "issues": "https://github.com/tereta-library/framework.http/issues",
                "source": "https://github.com/tereta-library/framework.http/tree/0.0.8"
            },
            "time": "2024-07-07T12:26:46+00:00"
        },
        {
            "name": "tereta/framework.pattern",
            "version": "0.0.8",
            "source": {
                "type": "git",
                "url": "https://github.com/tereta-library/framework.pattern.git",
                "reference": "d1e458e22bc9349d0eb5b7739d1e65de19da06a7"
            },
            "dist": {
                "type": "zip",
                "url": "https://api.github.com/repos/tereta-library/framework.pattern/zipball/d1e458e22bc9349d0eb5b7739d1e65de19da06a7",
                "reference": "d1e458e22bc9349d0eb5b7739d1e65de19da06a7",
                "shasum": ""
            },
            "type": "library",
            "autoload": {
                "psr-4": {
                    "Framework\\Pattern\\": "src/"
                }
            },
            "notification-url": "https://packagist.org/downloads/",
            "authors": [
                {
                    "name": "Tereta Alexander",
                    "email": "tereta.alexander@gmail.com"
                }
            ],
            "support": {
                "issues": "https://github.com/tereta-library/framework.pattern/issues",
                "source": "https://github.com/tereta-library/framework.pattern/tree/0.0.8"
            },
            "time": "2024-07-21T09:49:41+00:00"
        },
        {
            "name": "tereta/framework.process",
            "version": "0.0.8",
            "source": {
                "type": "git",
                "url": "https://github.com/tereta-library/framework.process.git",
                "reference": "86d440f39fd816288fc409c1a7c94e3b762ec9a0"
            },
            "dist": {
                "type": "zip",
                "url": "https://api.github.com/repos/tereta-library/framework.process/zipball/86d440f39fd816288fc409c1a7c94e3b762ec9a0",
                "reference": "86d440f39fd816288fc409c1a7c94e3b762ec9a0",
                "shasum": ""
            },
            "type": "library",
            "autoload": {
                "psr-4": {
                    "Framework\\Process\\": "src/"
                }
            },
            "notification-url": "https://packagist.org/downloads/",
            "authors": [
                {
                    "name": "Tereta Alexander",
                    "email": "tereta.alexander@gmail.com"
                }
            ],
            "support": {
                "issues": "https://github.com/tereta-library/framework.process/issues",
                "source": "https://github.com/tereta-library/framework.process/tree/0.0.8"
            },
            "time": "2024-07-20T13:34:33+00:00"
        },
        {
            "name": "tereta/framework.view",
            "version": "0.0.8",
            "source": {
                "type": "git",
                "url": "https://github.com/tereta-library/framework.view.git",
                "reference": "526324701a889f565fd6a97dc209ab345a4a3dc6"
            },
            "dist": {
                "type": "zip",
                "url": "https://api.github.com/repos/tereta-library/framework.view/zipball/526324701a889f565fd6a97dc209ab345a4a3dc6",
                "reference": "526324701a889f565fd6a97dc209ab345a4a3dc6",
                "shasum": ""
            },
            "require": {
                "tereta/framework.pattern": "^0.0.8"
            },
            "type": "library",
            "autoload": {
                "psr-4": {
                    "Framework\\View\\": "src/"
                }
            },
            "notification-url": "https://packagist.org/downloads/",
            "authors": [
                {
                    "name": "Tereta Alexander",
                    "email": "tereta.alexander@gmail.com"
                }
            ],
            "support": {
                "issues": "https://github.com/tereta-library/framework.view/issues",
                "source": "https://github.com/tereta-library/framework.view/tree/0.0.8"
            },
            "time": "2024-07-21T10:25:16+00:00"
        }
    ],
    "packages-dev": [],
    "aliases": [],
    "minimum-stability": "stable",
    "stability-flags": [],
    "prefer-stable": false,
    "prefer-lowest": false,
    "platform": [],
    "platform-dev": [],
    "plugin-api-version": "2.6.0"
}
