{
    "_readme": [
        "This file locks the dependencies of your project to a known state",
        "Read more about it at https://getcomposer.org/doc/01-basic-usage.md#installing-dependencies",
        "This file is @generated automatically"
    ],
    "content-hash": "fce00ec644f5f3dc6dfd8e8524895a26",
    "packages": [
        {
            "name": "tereta/framework.application",
            "version": "0.0.9",
            "source": {
                "type": "git",
                "url": "https://github.com/tereta-library/framework.application.git",
                "reference": "66d2dad031ec2568e7312d86f9a275aafb05635d"
            },
            "dist": {
                "type": "zip",
                "url": "https://api.github.com/repos/tereta-library/framework.application/zipball/66d2dad031ec2568e7312d86f9a275aafb05635d",
                "reference": "66d2dad031ec2568e7312d86f9a275aafb05635d",
                "shasum": ""
            },
            "require": {
                "tereta/framework.cli": "^0.0.9",
                "tereta/framework.config": "^0.0.9",
                "tereta/framework.controller": "^0.0.9",
                "tereta/framework.docker": "^0.0.9",
                "tereta/framework.helper": "^0.0.9",
                "tereta/framework.http": "^0.0.9",
                "tereta/framework.process": "^0.0.9",
                "tereta/framework.view": "^0.0.9"
            },
            "type": "library",
            "autoload": {
                "psr-4": {
                    "Framework\\Application\\": "src/"
                }
            },
            "notification-url": "https://packagist.org/downloads/",
            "authors": [
                {
                    "name": "Tereta Alexander",
                    "email": "tereta.alexander@gmail.com"
                }
            ],
            "support": {
                "issues": "https://github.com/tereta-library/framework.application/issues",
                "source": "https://github.com/tereta-library/framework.application/tree/0.0.9"
            },
            "time": "2024-07-21T13:15:48+00:00"
        },
        {
            "name": "tereta/framework.cli",
            "version": "0.0.9",
            "source": {
                "type": "git",
                "url": "https://github.com/tereta-library/framework.cli.git",
                "reference": "606d59f64901753818bb4a94685c50e45bd397be"
            },
            "dist": {
                "type": "zip",
                "url": "https://api.github.com/repos/tereta-library/framework.cli/zipball/606d59f64901753818bb4a94685c50e45bd397be",
                "reference": "606d59f64901753818bb4a94685c50e45bd397be",
                "shasum": ""
            },
            "require": {
                "tereta/framework.helper": "^0.0.9"
            },
            "type": "library",
            "autoload": {
                "psr-4": {
                    "Framework\\Cli\\": "src/"
                }
            },
            "notification-url": "https://packagist.org/downloads/",
            "authors": [
                {
                    "name": "Tereta Alexander",
                    "email": "tereta.alexander@gmail.com"
                }
            ],
            "support": {
                "issues": "https://github.com/tereta-library/framework.cli/issues",
                "source": "https://github.com/tereta-library/framework.cli/tree/0.0.9"
            },
            "time": "2024-07-21T13:15:54+00:00"
        },
        {
            "name": "tereta/framework.config",
            "version": "0.0.9",
            "source": {
                "type": "git",
                "url": "https://github.com/tereta-library/framework.config.git",
                "reference": "72a32c6ee4da7b3d5ed3b7aa8a6cb2295d06444d"
            },
            "dist": {
                "type": "zip",
                "url": "https://api.github.com/repos/tereta-library/framework.config/zipball/72a32c6ee4da7b3d5ed3b7aa8a6cb2295d06444d",
                "reference": "72a32c6ee4da7b3d5ed3b7aa8a6cb2295d06444d",
                "shasum": ""
            },
            "require": {
                "tereta/framework.pattern": "^0.0.9"
            },
            "type": "library",
            "autoload": {
                "psr-4": {
                    "Framework\\Config\\": "src/"
                }
            },
            "notification-url": "https://packagist.org/downloads/",
            "authors": [
                {
                    "name": "Tereta Alexander",
                    "email": "tereta.alexander@gmail.com"
                }
            ],
            "support": {
                "issues": "https://github.com/tereta-library/framework.config/issues",
                "source": "https://github.com/tereta-library/framework.config/tree/0.0.9"
            },
            "time": "2024-07-21T13:15:59+00:00"
        },
        {
            "name": "tereta/framework.controller",
            "version": "0.0.9",
            "source": {
                "type": "git",
                "url": "https://github.com/tereta-library/framework.controller.git",
                "reference": "84ead5c56598ce44acb7f489df6e0cb9a2fb48f8"
            },
            "dist": {
                "type": "zip",
                "url": "https://api.github.com/repos/tereta-library/framework.controller/zipball/84ead5c56598ce44acb7f489df6e0cb9a2fb48f8",
                "reference": "84ead5c56598ce44acb7f489df6e0cb9a2fb48f8",
                "shasum": ""
            },
            "type": "library",
            "autoload": {
                "psr-4": {
                    "Framework\\Controller\\": "src/"
                }
            },
            "notification-url": "https://packagist.org/downloads/",
            "authors": [
                {
                    "name": "Tereta Alexander",
                    "email": "tereta.alexander@gmail.com"
                }
            ],
            "description": "PHP Framework to ease site development - Controller",
            "support": {
                "issues": "https://github.com/tereta-library/framework.controller/issues",
                "source": "https://github.com/tereta-library/framework.controller/tree/0.0.9"
            },
            "time": "2024-07-07T07:38:50+00:00"
        },
        {
            "name": "tereta/framework.docker",
            "version": "0.0.9",
            "source": {
                "type": "git",
                "url": "https://github.com/tereta-library/framework.docker.git",
                "reference": "0351e449fabea499c9ad319f8e402e54835480d2"
            },
            "dist": {
                "type": "zip",
                "url": "https://api.github.com/repos/tereta-library/framework.docker/zipball/0351e449fabea499c9ad319f8e402e54835480d2",
                "reference": "0351e449fabea499c9ad319f8e402e54835480d2",
                "shasum": ""
            },
            "type": "library",
            "autoload": {
                "psr-4": {
                    "Framework\\Docker\\": "src/"
                }
            },
            "notification-url": "https://packagist.org/downloads/",
            "authors": [
                {
                    "name": "Tereta Alexander",
                    "email": "tereta.alexander@gmail.com"
                }
            ],
            "support": {
                "issues": "https://github.com/tereta-library/framework.docker/issues",
                "source": "https://github.com/tereta-library/framework.docker/tree/0.0.9"
            },
            "time": "2024-07-21T13:13:35+00:00"
        },
        {
            "name": "tereta/framework.helper",
            "version": "0.0.9",
            "source": {
                "type": "git",
                "url": "https://github.com/tereta-library/framework.helper.git",
                "reference": "f937ce07196e5af1f982af89fe91ab0081478f14"
            },
            "dist": {
                "type": "zip",
                "url": "https://api.github.com/repos/tereta-library/framework.helper/zipball/f937ce07196e5af1f982af89fe91ab0081478f14",
                "reference": "f937ce07196e5af1f982af89fe91ab0081478f14",
                "shasum": ""
            },
            "type": "library",
            "autoload": {
                "psr-4": {
                    "Framework\\Helper\\": "src/"
                }
            },
            "notification-url": "https://packagist.org/downloads/",
            "authors": [
                {
                    "name": "Tereta Alexander",
                    "email": "tereta.alexander@gmail.com"
                }
            ],
            "support": {
                "issues": "https://github.com/tereta-library/framework.helper/issues",
                "source": "https://github.com/tereta-library/framework.helper/tree/0.0.9"
            },
            "time": "2024-07-21T13:13:06+00:00"
        },
        {
            "name": "tereta/framework.http",
            "version": "0.0.9",
            "source": {
                "type": "git",
                "url": "https://github.com/tereta-library/framework.http.git",
                "reference": "0f76de8c803fe88bf4d93eccb848e606185ce6ef"
            },
            "dist": {
                "type": "zip",
                "url": "https://api.github.com/repos/tereta-library/framework.http/zipball/0f76de8c803fe88bf4d93eccb848e606185ce6ef",
                "reference": "0f76de8c803fe88bf4d93eccb848e606185ce6ef",
                "shasum": ""
            },
            "type": "library",
            "autoload": {
                "psr-4": {
                    "Framework\\Http\\": "src/"
                }
            },
            "notification-url": "https://packagist.org/downloads/",
            "authors": [
                {
                    "name": "Tereta Alexander",
                    "email": "tereta.alexander@gmail.com"
                }
            ],
            "description": "Part of framework to process HTTP requests",
            "support": {
                "issues": "https://github.com/tereta-library/framework.http/issues",
                "source": "https://github.com/tereta-library/framework.http/tree/0.0.9"
            },
            "time": "2024-07-07T12:26:46+00:00"
        },
        {
            "name": "tereta/framework.pattern",
            "version": "0.0.9",
            "source": {
                "type": "git",
                "url": "https://github.com/tereta-library/framework.pattern.git",
                "reference": "a7e957d419a36488141e4d65ab975289e5f42e34"
            },
            "dist": {
                "type": "zip",
                "url": "https://api.github.com/repos/tereta-library/framework.pattern/zipball/a7e957d419a36488141e4d65ab975289e5f42e34",
                "reference": "a7e957d419a36488141e4d65ab975289e5f42e34",
                "shasum": ""
            },
            "type": "library",
            "autoload": {
                "psr-4": {
                    "Framework\\Pattern\\": "src/"
                }
            },
            "notification-url": "https://packagist.org/downloads/",
            "authors": [
                {
                    "name": "Tereta Alexander",
                    "email": "tereta.alexander@gmail.com"
                }
            ],
            "support": {
                "issues": "https://github.com/tereta-library/framework.pattern/issues",
                "source": "https://github.com/tereta-library/framework.pattern/tree/0.0.9"
            },
            "time": "2024-07-21T13:11:33+00:00"
        },
        {
            "name": "tereta/framework.process",
            "version": "0.0.9",
            "source": {
                "type": "git",
                "url": "https://github.com/tereta-library/framework.process.git",
                "reference": "86d440f39fd816288fc409c1a7c94e3b762ec9a0"
            },
            "dist": {
                "type": "zip",
                "url": "https://api.github.com/repos/tereta-library/framework.process/zipball/86d440f39fd816288fc409c1a7c94e3b762ec9a0",
                "reference": "86d440f39fd816288fc409c1a7c94e3b762ec9a0",
                "shasum": ""
            },
            "type": "library",
            "autoload": {
                "psr-4": {
                    "Framework\\Process\\": "src/"
                }
            },
            "notification-url": "https://packagist.org/downloads/",
            "authors": [
                {
                    "name": "Tereta Alexander",
                    "email": "tereta.alexander@gmail.com"
                }
            ],
            "support": {
                "issues": "https://github.com/tereta-library/framework.process/issues",
                "source": "https://github.com/tereta-library/framework.process/tree/0.0.9"
            },
            "time": "2024-07-20T13:34:33+00:00"
        },
        {
            "name": "tereta/framework.view",
            "version": "0.0.9",
            "source": {
                "type": "git",
                "url": "https://github.com/tereta-library/framework.view.git",
                "reference": "78f3a07ef8005359b82417339b8ca55b73d80c2f"
            },
            "dist": {
                "type": "zip",
                "url": "https://api.github.com/repos/tereta-library/framework.view/zipball/78f3a07ef8005359b82417339b8ca55b73d80c2f",
                "reference": "78f3a07ef8005359b82417339b8ca55b73d80c2f",
                "shasum": ""
            },
            "require": {
                "tereta/framework.pattern": "^0.0.9"
            },
            "type": "library",
            "autoload": {
                "psr-4": {
                    "Framework\\View\\": "src/"
                }
            },
            "notification-url": "https://packagist.org/downloads/",
            "authors": [
                {
                    "name": "Tereta Alexander",
                    "email": "tereta.alexander@gmail.com"
                }
            ],
            "support": {
                "issues": "https://github.com/tereta-library/framework.view/issues",
                "source": "https://github.com/tereta-library/framework.view/tree/0.0.9"
            },
            "time": "2024-07-21T13:16:34+00:00"
        }
    ],
    "packages-dev": [],
    "aliases": [],
    "minimum-stability": "stable",
    "stability-flags": [],
    "prefer-stable": false,
    "prefer-lowest": false,
    "platform": [],
    "platform-dev": [],
    "plugin-api-version": "2.6.0"
}
