{
    "_readme": [
        "This file locks the dependencies of your project to a known state",
        "Read more about it at https://getcomposer.org/doc/01-basic-usage.md#installing-dependencies",
        "This file is @generated automatically"
    ],
    "content-hash": "3f2ed2eb5167c251d1642ce9ae1b309b",
    "packages": [
        {
            "name": "tereta/framework.application",
            "version": "0.0.16",
            "source": {
                "type": "git",
                "url": "https://github.com/tereta-library/framework.application.git",
                "reference": "15c4d87c53471775c003a9d97c772e49efbddce0"
            },
            "dist": {
                "type": "zip",
                "url": "https://api.github.com/repos/tereta-library/framework.application/zipball/15c4d87c53471775c003a9d97c772e49efbddce0",
                "reference": "15c4d87c53471775c003a9d97c772e49efbddce0",
                "shasum": ""
            },
            "require": {
                "tereta/framework.cli": "^0.0.16",
                "tereta/framework.docker": "^0.0.16",
                "tereta/framework.helper": "^0.0.16",
                "tereta/framework.http": "^0.0.16",
                "tereta/framework.process": "^0.0.16",
                "tereta/framework.view": "^0.0.16"
            },
            "type": "library",
            "autoload": {
                "psr-4": {
                    "Framework\\Application\\": "src/"
                }
            },
            "notification-url": "https://packagist.org/downloads/",
            "authors": [
                {
                    "name": "Tereta Alexander",
                    "email": "tereta.alexander@gmail.com"
                }
            ],
            "support": {
                "issues": "https://github.com/tereta-library/framework.application/issues",
                "source": "https://github.com/tereta-library/framework.application/tree/0.0.16"
            },
            "time": "2024-07-24T20:12:42+00:00"
        },
        {
            "name": "tereta/framework.cli",
            "version": "0.0.16",
            "source": {
                "type": "git",
                "url": "https://github.com/tereta-library/framework.cli.git",
                "reference": "b1c8443b2bf13e9c6f4300e774e43a0b39a5bef6"
            },
            "dist": {
                "type": "zip",
                "url": "https://api.github.com/repos/tereta-library/framework.cli/zipball/b1c8443b2bf13e9c6f4300e774e43a0b39a5bef6",
                "reference": "b1c8443b2bf13e9c6f4300e774e43a0b39a5bef6",
                "shasum": ""
            },
            "require": {
                "tereta/framework.helper": "^0.0.16"
            },
            "type": "library",
            "autoload": {
                "psr-4": {
                    "Framework\\Cli\\": "src/"
                }
            },
            "notification-url": "https://packagist.org/downloads/",
            "authors": [
                {
                    "name": "Tereta Alexander",
                    "email": "tereta.alexander@gmail.com"
                }
            ],
            "support": {
                "issues": "https://github.com/tereta-library/framework.cli/issues",
                "source": "https://github.com/tereta-library/framework.cli/tree/0.0.16"
            },
            "time": "2024-07-24T20:12:48+00:00"
        },
        {
            "name": "tereta/framework.docker",
            "version": "0.0.16",
            "source": {
                "type": "git",
                "url": "https://github.com/tereta-library/framework.docker.git",
                "reference": "399eef3d50ef4119426dc273fae47d17102796f1"
            },
            "dist": {
                "type": "zip",
                "url": "https://api.github.com/repos/tereta-library/framework.docker/zipball/399eef3d50ef4119426dc273fae47d17102796f1",
                "reference": "399eef3d50ef4119426dc273fae47d17102796f1",
                "shasum": ""
            },
            "type": "library",
            "autoload": {
                "psr-4": {
                    "Framework\\Docker\\": "src/"
                }
            },
            "notification-url": "https://packagist.org/downloads/",
            "authors": [
                {
                    "name": "Tereta Alexander",
                    "email": "tereta.alexander@gmail.com"
                }
            ],
            "support": {
                "issues": "https://github.com/tereta-library/framework.docker/issues",
                "source": "https://github.com/tereta-library/framework.docker/tree/0.0.16"
            },
            "time": "2024-07-22T20:11:22+00:00"
        },
        {
            "name": "tereta/framework.helper",
            "version": "0.0.16",
            "source": {
                "type": "git",
                "url": "https://github.com/tereta-library/framework.helper.git",
                "reference": "3f9319342f9b1ee614ef52ec42283cfb23f036f4"
            },
            "dist": {
                "type": "zip",
                "url": "https://api.github.com/repos/tereta-library/framework.helper/zipball/3f9319342f9b1ee614ef52ec42283cfb23f036f4",
                "reference": "3f9319342f9b1ee614ef52ec42283cfb23f036f4",
                "shasum": ""
            },
            "type": "library",
            "autoload": {
                "psr-4": {
                    "Framework\\Helper\\": "src/"
                }
            },
            "notification-url": "https://packagist.org/downloads/",
            "authors": [
                {
                    "name": "Tereta Alexander",
                    "email": "tereta.alexander@gmail.com"
                }
            ],
            "support": {
                "issues": "https://github.com/tereta-library/framework.helper/issues",
                "source": "https://github.com/tereta-library/framework.helper/tree/0.0.16"
            },
            "time": "2024-07-24T20:11:13+00:00"
        },
        {
            "name": "tereta/framework.http",
            "version": "0.0.16",
            "source": {
                "type": "git",
                "url": "https://github.com/tereta-library/framework.http.git",
                "reference": "1e48f97d9cbae216187b67e9734b40159169d1eb"
            },
            "dist": {
                "type": "zip",
                "url": "https://api.github.com/repos/tereta-library/framework.http/zipball/1e48f97d9cbae216187b67e9734b40159169d1eb",
                "reference": "1e48f97d9cbae216187b67e9734b40159169d1eb",
                "shasum": ""
            },
            "type": "library",
            "autoload": {
                "psr-4": {
                    "Framework\\Http\\": "src/"
                }
            },
            "notification-url": "https://packagist.org/downloads/",
            "authors": [
                {
                    "name": "Tereta Alexander",
                    "email": "tereta.alexander@gmail.com"
                }
            ],
            "description": "Part of framework to process HTTP requests",
            "support": {
                "issues": "https://github.com/tereta-library/framework.http/issues",
                "source": "https://github.com/tereta-library/framework.http/tree/0.0.16"
            },
            "time": "2024-07-24T18:36:55+00:00"
        },
        {
            "name": "tereta/framework.pattern",
            "version": "0.0.16",
            "source": {
                "type": "git",
                "url": "https://github.com/tereta-library/framework.pattern.git",
                "reference": "a7e957d419a36488141e4d65ab975289e5f42e34"
            },
            "dist": {
                "type": "zip",
                "url": "https://api.github.com/repos/tereta-library/framework.pattern/zipball/a7e957d419a36488141e4d65ab975289e5f42e34",
                "reference": "a7e957d419a36488141e4d65ab975289e5f42e34",
                "shasum": ""
            },
            "type": "library",
            "autoload": {
                "psr-4": {
                    "Framework\\Pattern\\": "src/"
                }
            },
            "notification-url": "https://packagist.org/downloads/",
            "authors": [
                {
                    "name": "Tereta Alexander",
                    "email": "tereta.alexander@gmail.com"
                }
            ],
            "support": {
                "issues": "https://github.com/tereta-library/framework.pattern/issues",
                "source": "https://github.com/tereta-library/framework.pattern/tree/0.0.16"
            },
            "time": "2024-07-21T13:11:33+00:00"
        },
        {
            "name": "tereta/framework.process",
            "version": "0.0.16",
            "source": {
                "type": "git",
                "url": "https://github.com/tereta-library/framework.process.git",
                "reference": "86d440f39fd816288fc409c1a7c94e3b762ec9a0"
            },
            "dist": {
                "type": "zip",
                "url": "https://api.github.com/repos/tereta-library/framework.process/zipball/86d440f39fd816288fc409c1a7c94e3b762ec9a0",
                "reference": "86d440f39fd816288fc409c1a7c94e3b762ec9a0",
                "shasum": ""
            },
            "type": "library",
            "autoload": {
                "psr-4": {
                    "Framework\\Process\\": "src/"
                }
            },
            "notification-url": "https://packagist.org/downloads/",
            "authors": [
                {
                    "name": "Tereta Alexander",
                    "email": "tereta.alexander@gmail.com"
                }
            ],
            "support": {
                "issues": "https://github.com/tereta-library/framework.process/issues",
                "source": "https://github.com/tereta-library/framework.process/tree/0.0.16"
            },
            "time": "2024-07-20T13:34:33+00:00"
        },
        {
            "name": "tereta/framework.view",
            "version": "0.0.16",
            "source": {
                "type": "git",
                "url": "https://github.com/tereta-library/framework.view.git",
                "reference": "ae0f7f9d1d601bb17c478e97ade29022dddcbdcf"
            },
            "dist": {
                "type": "zip",
                "url": "https://api.github.com/repos/tereta-library/framework.view/zipball/ae0f7f9d1d601bb17c478e97ade29022dddcbdcf",
                "reference": "ae0f7f9d1d601bb17c478e97ade29022dddcbdcf",
                "shasum": ""
            },
            "require": {
                "tereta/framework.pattern": "^0.0.16"
            },
            "type": "library",
            "autoload": {
                "psr-4": {
                    "Framework\\View\\": "src/"
                }
            },
            "notification-url": "https://packagist.org/downloads/",
            "authors": [
                {
                    "name": "Tereta Alexander",
                    "email": "tereta.alexander@gmail.com"
                }
            ],
            "support": {
                "issues": "https://github.com/tereta-library/framework.view/issues",
                "source": "https://github.com/tereta-library/framework.view/tree/0.0.16"
            },
            "time": "2024-07-24T20:13:23+00:00"
        }
    ],
    "packages-dev": [],
    "aliases": [],
    "minimum-stability": "stable",
    "stability-flags": [],
    "prefer-stable": false,
    "prefer-lowest": false,
    "platform": [],
    "platform-dev": [],
    "plugin-api-version": "2.6.0"
}
